
Microsoft Visual Studio Solution File, Format Version 12.00
# Visual Studio 15
Project("{FAE04EC0-301F-11D3-BF4B-00C04F79EFBC}") = "PlauralsightTest", "PlauralsightTest\PlauralsightTest.csproj", "{600342B7-AF23-48EF-9E90-0E111DACFDAD}"
EndProject
Global
	GlobalSection(SolutionConfigurationPlatforms) = preSolution
		Debug|Any CPU = Debug|Any CPU
		Release|Any CPU = Release|Any CPU
	EndGlobalSection
	GlobalSection(ProjectConfigurationPlatforms) = postSolution
		{600342B7-AF23-48EF-9E90-0E111DACFDAD}.Debug|Any CPU.ActiveCfg = Debug|Any CPU
		{600342B7-AF23-48EF-9E90-0E111DACFDAD}.Debug|Any CPU.Build.0 = Debug|Any CPU
		{600342B7-AF23-48EF-9E90-0E111DACFDAD}.Release|Any CPU.ActiveCfg = Release|Any CPU
		{600342B7-AF23-48EF-9E90-0E111DACFDAD}.Release|Any CPU.Build.0 = Release|Any CPU
	EndGlobalSection
EndGlobal
